<?xml version="1.0" encoding="utf-8"?>
<Project ToolsVersion="4.0" xmlns="http://schemas.microsoft.com/developer/msbuild/2003">
  <ItemGroup>
    <ClCompile Include="..\UltimaLive\Client.cpp" />
    <ClCompile Include="..\UltimaLive\ClientRedirections.cpp" />
    <ClCompile Include="..\UltimaLive\Debug.cpp" />
    <ClCompile Include="..\UltimaLive\DotNetHost.cpp" />
    <ClCompile Include="..\UltimaLive\Igrping.cpp" />
    <ClCompile Include="..\UltimaLive\LocalPeHelper32.cpp" />
    <ClCompile Include="..\UltimaLive\LoginHandler.cpp" />
    <ClCompile Include="..\UltimaLive\MasterControlUtils.cpp" />
    <ClCompile Include="..\UltimaLive\ProgressBarDialog.cpp" />
    <ClCompile Include="..\UltimaLive\UltimaLive.cpp" />
    <ClCompile Include="..\UltimaLive\Utils.cpp" />
    <ClCompile Include="..\UltimaLive\Network\BasePacketHandler.cpp">
      <Filter>Network</Filter>
    </ClCompile>
    <ClCompile Include="..\UltimaLive\Network\NetworkManager.cpp">
      <Filter>Network</Filter>
    </ClCompile>
    <ClCompile Include="..\UltimaLive\Network\PacketHandlerFactory.cpp">
      <Filter>Network</Filter>
    </ClCompile>
    <ClCompile Include="..\UltimaLive\Network\ConcretePacketHandlers\ChangeMapHandler.cpp">
      <Filter>Network\ConcretePacketHandlers</Filter>
    </ClCompile>
    <ClCompile Include="..\UltimaLive\Network\ConcretePacketHandlers\ChangeMapHandler_7_0_29_2.cpp">
      <Filter>Network\ConcretePacketHandlers</Filter>
    </ClCompile>
    <ClCompile Include="..\UltimaLive\Network\ConcretePacketHandlers\ClientCrashPacketHandler.cpp">
      <Filter>Network\ConcretePacketHandlers</Filter>
    </ClCompile>
    <ClCompile Include="..\UltimaLive\Network\ConcretePacketHandlers\LoginCompleteHandler.cpp">
      <Filter>Network\ConcretePacketHandlers</Filter>
    </ClCompile>
    <ClCompile Include="..\UltimaLive\Network\ConcretePacketHandlers\LoginCompleteHandler_7_0_29_2.cpp">
      <Filter>Network\ConcretePacketHandlers</Filter>
    </ClCompile>
    <ClCompile Include="..\UltimaLive\Network\ConcretePacketHandlers\LoginConfirmHandler.cpp">
      <Filter>Network\ConcretePacketHandlers</Filter>
    </ClCompile>
    <ClCompile Include="..\UltimaLive\Network\ConcretePacketHandlers\LoginConfirmHandler_7_0_29_2.cpp">
      <Filter>Network\ConcretePacketHandlers</Filter>
    </ClCompile>
    <ClCompile Include="..\UltimaLive\Network\ConcretePacketHandlers\LogoutRequestHandler.cpp">
      <Filter>Network\ConcretePacketHandlers</Filter>
    </ClCompile>
    <ClCompile Include="..\UltimaLive\Network\ConcretePacketHandlers\LogoutRequestHandler_7_0_29_2.cpp">
      <Filter>Network\ConcretePacketHandlers</Filter>
    </ClCompile>
    <ClCompile Include="..\UltimaLive\Network\ConcretePacketHandlers\ServerMobileStatusHandler.cpp">
      <Filter>Network\ConcretePacketHandlers</Filter>
    </ClCompile>
    <ClCompile Include="..\UltimaLive\Network\ConcretePacketHandlers\ServerMobileStatusHandler_7_0_29_2.cpp">
      <Filter>Network\ConcretePacketHandlers</Filter>
    </ClCompile>
    <ClCompile Include="..\UltimaLive\Network\ConcretePacketHandlers\ServerVersionRequestHandler.cpp">
      <Filter>Network\ConcretePacketHandlers</Filter>
    </ClCompile>
    <ClCompile Include="..\UltimaLive\Network\ConcretePacketHandlers\UltimaLiveHashQueryHandler.cpp">
      <Filter>Network\ConcretePacketHandlers</Filter>
    </ClCompile>
    <ClCompile Include="..\UltimaLive\Network\ConcretePacketHandlers\UltimaLiveLoginCompleteHandler.cpp">
      <Filter>Network\ConcretePacketHandlers</Filter>
    </ClCompile>
    <ClCompile Include="..\UltimaLive\Network\ConcretePacketHandlers\UltimaLiveRefreshClientViewHandler.cpp">
      <Filter>Network\ConcretePacketHandlers</Filter>
    </ClCompile>
    <ClCompile Include="..\UltimaLive\Network\ConcretePacketHandlers\UltimaLiveUpdateLandBlockHandler.cpp">
      <Filter>Network\ConcretePacketHandlers</Filter>
    </ClCompile>
    <ClCompile Include="..\UltimaLive\Network\ConcretePacketHandlers\UltimaLiveUpdateMapDefinitionsHandler.cpp">
      <Filter>Network\ConcretePacketHandlers</Filter>
    </ClCompile>
    <ClCompile Include="..\UltimaLive\Network\ConcretePacketHandlers\UltimaLiveUpdateStaticsHandler.cpp">
      <Filter>Network\ConcretePacketHandlers</Filter>
    </ClCompile>
    <ClCompile Include="..\UltimaLive\Maps\Atlas.cpp">
      <Filter>Maps</Filter>
    </ClCompile>
    <ClCompile Include="..\UltimaLive\Maps\MapDefinition.cpp">
      <Filter>Maps</Filter>
    </ClCompile>
    <ClCompile Include="..\UltimaLive\FileSystem\BaseFileManager.cpp">
      <Filter>FileSystem</Filter>
    </ClCompile>
    <ClCompile Include="..\UltimaLive\FileSystem\ClientFileHandleSet.cpp">
      <Filter>FileSystem</Filter>
    </ClCompile>
    <ClCompile Include="..\UltimaLive\FileSystem\FileManagerFactory.cpp">
      <Filter>FileSystem</Filter>
    </ClCompile>
    <ClCompile Include="..\UltimaLive\FileSystem\MapFileSet.cpp">
      <Filter>FileSystem</Filter>
    </ClCompile>
    <ClCompile Include="..\UltimaLive\FileSystem\ConcreteFileManagers\FileManager.cpp">
      <Filter>FileSystem\ConcreteFileManagers</Filter>
    </ClCompile>
    <ClCompile Include="..\UltimaLive\FileSystem\ConcreteFileManagers\FileManager_7_0_29_2.cpp">
      <Filter>FileSystem\ConcreteFileManagers</Filter>
    </ClCompile>
    <ClCompile Include="..\UltimaLive\FileSystem\Uop\UopStructs.cpp">
      <Filter>FileSystem\Uop</Filter>
    </ClCompile>
    <ClCompile Include="..\UltimaLive\FileSystem\Uop\UopUtility.cpp">
      <Filter>FileSystem\Uop</Filter>
    </ClCompile>
    <ClCompile Include="..\UltimaLive\ClassRegistration\BaseSelfRegisteringClass.cpp">
      <Filter>ClassRegistration</Filter>
    </ClCompile>
    <ClCompile Include="..\UltimaLive\ClassRegistration\SelfRegisteringClass.cpp">
      <Filter>ClassRegistration</Filter>
    </ClCompile>
  </ItemGroup>
  <ItemGroup>
    <ClInclude Include="..\UltimaLive\Client.h" />
    <ClInclude Include="..\UltimaLive\ClientRedirections.h" />
    <ClInclude Include="..\UltimaLive\Debug.h" />
    <ClInclude Include="..\UltimaLive\DotNetHost.h" />
    <ClInclude Include="..\UltimaLive\Igrping.h" />
    <ClInclude Include="..\UltimaLive\ClientStructures.h" />
    <ClInclude Include="..\UltimaLive\LocalPeHelper32.hpp" />
    <ClInclude Include="..\UltimaLive\LoginHandler.h" />
    <ClInclude Include="..\UltimaLive\MasterControlUtils.h" />
    <ClInclude Include="..\UltimaLive\mhook.h" />
    <ClInclude Include="..\UltimaLive\ProgressBarDialog.h" />
    <ClInclude Include="..\UltimaLive\resource.h" />
    <ClInclude Include="..\UltimaLive\UltimaLive.h" />
    <ClInclude Include="..\UltimaLive\Utils.h" />
    <ClInclude Include="..\UltimaLive\Network\BasePacketHandler.h">
      <Filter>Network</Filter>
    </ClInclude>
    <ClInclude Include="..\UltimaLive\Network\NetworkManager.h">
      <Filter>Network</Filter>
    </ClInclude>
    <ClInclude Include="..\UltimaLive\Network\PacketHandlerFactory.h">
      <Filter>Network</Filter>
    </ClInclude>
    <ClInclude Include="..\UltimaLive\Network\ConcretePacketHandlers\ChangeMapHandler.h">
      <Filter>Network\ConcretePacketHandlers</Filter>
    </ClInclude>
    <ClInclude Include="..\UltimaLive\Network\ConcretePacketHandlers\ChangeMapHandler_7_0_29_2.h">
      <Filter>Network\ConcretePacketHandlers</Filter>
    </ClInclude>
    <ClInclude Include="..\UltimaLive\Network\ConcretePacketHandlers\ClientCrashPacketHandler.h">
      <Filter>Network\ConcretePacketHandlers</Filter>
    </ClInclude>
    <ClInclude Include="..\UltimaLive\Network\ConcretePacketHandlers\LoginCompleteHandler.h">
      <Filter>Network\ConcretePacketHandlers</Filter>
    </ClInclude>
    <ClInclude Include="..\UltimaLive\Network\ConcretePacketHandlers\LoginCompleteHandler_7_0_29_2.h">
      <Filter>Network\ConcretePacketHandlers</Filter>
    </ClInclude>
    <ClInclude Include="..\UltimaLive\Network\ConcretePacketHandlers\LoginConfirmHandler.h">
      <Filter>Network\ConcretePacketHandlers</Filter>
    </ClInclude>
    <ClInclude Include="..\UltimaLive\Network\ConcretePacketHandlers\LoginConfirmHandler_7_0_29_2.h">
      <Filter>Network\ConcretePacketHandlers</Filter>
    </ClInclude>
    <ClInclude Include="..\UltimaLive\Network\ConcretePacketHandlers\LogoutRequestHandler.h">
      <Filter>Network\ConcretePacketHandlers</Filter>
    </ClInclude>
    <ClInclude Include="..\UltimaLive\Network\ConcretePacketHandlers\LogoutRequestHandler_7_0_29_2.h">
      <Filter>Network\ConcretePacketHandlers</Filter>
    </ClInclude>
    <ClInclude Include="..\UltimaLive\Network\ConcretePacketHandlers\ServerMobileStatusHandler.h">
      <Filter>Network\ConcretePacketHandlers</Filter>
    </ClInclude>
    <ClInclude Include="..\UltimaLive\Network\ConcretePacketHandlers\ServerMobileStatusHandler_7_0_29_2.h">
      <Filter>Network\ConcretePacketHandlers</Filter>
    </ClInclude>
    <ClInclude Include="..\UltimaLive\Network\ConcretePacketHandlers\ServerVersionRequestHandler.h">
      <Filter>Network\ConcretePacketHandlers</Filter>
    </ClInclude>
    <ClInclude Include="..\UltimaLive\Network\ConcretePacketHandlers\UltimaLiveHashQueryHandler.h">
      <Filter>Network\ConcretePacketHandlers</Filter>
    </ClInclude>
    <ClInclude Include="..\UltimaLive\Network\ConcretePacketHandlers\UltimaLiveLoginCompleteHandler.h">
      <Filter>Network\ConcretePacketHandlers</Filter>
    </ClInclude>
    <ClInclude Include="..\UltimaLive\Network\ConcretePacketHandlers\UltimaLiveRefreshClientViewHandler.h">
      <Filter>Network\ConcretePacketHandlers</Filter>
    </ClInclude>
    <ClInclude Include="..\UltimaLive\Network\ConcretePacketHandlers\UltimaLiveUpdateLandBlockHandler.h">
      <Filter>Network\ConcretePacketHandlers</Filter>
    </ClInclude>
    <ClInclude Include="..\UltimaLive\Network\ConcretePacketHandlers\UltimaLiveUpdateMapDefinitionsHandler.h">
      <Filter>Network\ConcretePacketHandlers</Filter>
    </ClInclude>
    <ClInclude Include="..\UltimaLive\Network\ConcretePacketHandlers\UltimaLiveUpdateStaticsHandler.h">
      <Filter>Network\ConcretePacketHandlers</Filter>
    </ClInclude>
    <ClInclude Include="..\UltimaLive\Maps\Atlas.h">
      <Filter>Maps</Filter>
    </ClInclude>
    <ClInclude Include="..\UltimaLive\Maps\MapDefinition.h">
      <Filter>Maps</Filter>
    </ClInclude>
    <ClInclude Include="..\UltimaLive\FileSystem\BaseFileManager.h">
      <Filter>FileSystem</Filter>
    </ClInclude>
    <ClInclude Include="..\UltimaLive\FileSystem\ClientFileHandleSet.h">
      <Filter>FileSystem</Filter>
    </ClInclude>
    <ClInclude Include="..\UltimaLive\FileSystem\FileManagerFactory.h">
      <Filter>FileSystem</Filter>
    </ClInclude>
    <ClInclude Include="..\UltimaLive\FileSystem\MapFileSet.h">
      <Filter>FileSystem</Filter>
    </ClInclude>
    <ClInclude Include="..\UltimaLive\FileSystem\uop.h">
      <Filter>FileSystem</Filter>
    </ClInclude>
    <ClInclude Include="..\UltimaLive\FileSystem\ConcreteFileManagers\FileManager.h">
      <Filter>FileSystem\ConcreteFileManagers</Filter>
    </ClInclude>
    <ClInclude Include="..\UltimaLive\FileSystem\ConcreteFileManagers\FileManager_7_0_29_2.h">
      <Filter>FileSystem\ConcreteFileManagers</Filter>
    </ClInclude>
    <ClInclude Include="..\UltimaLive\FileSystem\Uop\UopStructs.h">
      <Filter>FileSystem\Uop</Filter>
    </ClInclude>
    <ClInclude Include="..\UltimaLive\FileSystem\Uop\UopUtility.h">
      <Filter>FileSystem\Uop</Filter>
    </ClInclude>
    <ClInclude Include="..\UltimaLive\ClassRegistration\BaseSelfRegisteringClass.h">
      <Filter>ClassRegistration</Filter>
    </ClInclude>
    <ClInclude Include="..\UltimaLive\ClassRegistration\SelfRegisteringClass.h">
      <Filter>ClassRegistration</Filter>
    </ClInclude>
  </ItemGroup>
  <ItemGroup>
    <ResourceCompile Include="..\UltimaLive\UltimaLive.rc" />
  </ItemGroup>
  <ItemGroup>
    <Image Include="..\UltimaLive\UltimaLiveIcon_16_x_16.ico" />
    <Image Include="..\UltimaLive\UltimaLiveIcon_32_x_32.ico" />
  </ItemGroup>
  <ItemGroup>
    <None Include="..\UltimaLive\Changelog.txt" />
    <None Include="..\UltimaLive\Protocol.txt" />
  </ItemGroup>
  <ItemGroup>
    <Filter Include="Network">
      <UniqueIdentifier>{be9852e8-5b0a-42d7-aba2-4c53e0d044a7}</UniqueIdentifier>
    </Filter>
    <Filter Include="Network\ConcretePacketHandlers">
      <UniqueIdentifier>{21b5c3e6-ed8e-4cd6-8f5a-412a2084b06d}</UniqueIdentifier>
    </Filter>
    <Filter Include="Maps">
      <UniqueIdentifier>{9bc70d88-389f-4442-b6ed-411ada3a8767}</UniqueIdentifier>
    </Filter>
    <Filter Include="FileSystem">
      <UniqueIdentifier>{5c2ea339-2d28-4a18-a260-8540f1972cfa}</UniqueIdentifier>
    </Filter>
    <Filter Include="FileSystem\ConcreteFileManagers">
      <UniqueIdentifier>{5b365b55-af7e-4358-8c46-9113bfc8654c}</UniqueIdentifier>
    </Filter>
    <Filter Include="FileSystem\Uop">
      <UniqueIdentifier>{75dc6610-2d04-4fa7-9d1f-c506b49f472d}</UniqueIdentifier>
    </Filter>
    <Filter Include="ClassRegistration">
      <UniqueIdentifier>{3f344469-9aed-4a08-9928-9f8f7645095f}</UniqueIdentifier>
    </Filter>
  </ItemGroup>
</Project>