<?xml version="1.0" encoding="utf-8"?>
<Project ToolsVersion="4.0" xmlns="http://schemas.microsoft.com/developer/msbuild/2003">
  <ItemGroup>
    <Filter Include="Source Files">
      <UniqueIdentifier>{4FC737F1-C7A5-4376-A066-2A32D752A2FF}</UniqueIdentifier>
      <Extensions>cpp;c;cc;cxx;def;odl;idl;hpj;bat;asm;asmx</Extensions>
    </Filter>
    <Filter Include="Header Files">
      <UniqueIdentifier>{93995380-89BD-4b04-88EB-625FBE52EBFB}</UniqueIdentifier>
      <Extensions>h;hpp;hxx;hm;inl;inc;xsd</Extensions>
    </Filter>
    <Filter Include="Resource Files">
      <UniqueIdentifier>{67DA6AB6-F800-4c08-8B7A-83BB121AAD01}</UniqueIdentifier>
      <Extensions>rc;ico;cur;bmp;dlg;rc2;rct;bin;rgs;gif;jpg;jpeg;jpe;resx;tiff;tif;png;wav;mfcribbon-ms</Extensions>
    </Filter>
  </ItemGroup>
  <ItemGroup>
    <ClCompile Include="Igrping.cpp">
      <Filter>Source Files</Filter>
    </ClCompile>
    <ClCompile Include="LocalPeHelper32.cpp">
      <Filter>Source Files</Filter>
    </ClCompile>
    <ClCompile Include="LoginHandler.cpp">
      <Filter>Source Files</Filter>
    </ClCompile>
    <ClCompile Include="Utils.cpp">
      <Filter>Source Files</Filter>
    </ClCompile>
    <ClCompile Include="Network\ConcretePacketHandlers\UltimaLiveHashQueryHandler.cpp">
      <Filter>Source Files</Filter>
    </ClCompile>
    <ClCompile Include="Network\ConcretePacketHandlers\UltimaLiveLoginCompleteHandler.cpp">
      <Filter>Source Files</Filter>
    </ClCompile>
    <ClCompile Include="Network\ConcretePacketHandlers\UltimaLiveRefreshClientViewHandler.cpp">
      <Filter>Source Files</Filter>
    </ClCompile>
    <ClCompile Include="Network\ConcretePacketHandlers\UltimaLiveUpdateLandBlockHandler.cpp">
      <Filter>Source Files</Filter>
    </ClCompile>
    <ClCompile Include="Network\ConcretePacketHandlers\UltimaLiveUpdateMapDefinitionsHandler.cpp">
      <Filter>Source Files</Filter>
    </ClCompile>
    <ClCompile Include="Network\ConcretePacketHandlers\UltimaLiveUpdateStaticsHandler.cpp">
      <Filter>Source Files</Filter>
    </ClCompile>
    <ClCompile Include="Network\BasePacketHandler.cpp">
      <Filter>Source Files</Filter>
    </ClCompile>
    <ClCompile Include="Network\NetworkManager.cpp">
      <Filter>Source Files</Filter>
    </ClCompile>
    <ClCompile Include="Network\PacketHandlerFactory.cpp">
      <Filter>Source Files</Filter>
    </ClCompile>
    <ClCompile Include="Maps\Atlas.cpp">
      <Filter>Source Files</Filter>
    </ClCompile>
    <ClCompile Include="FileSystem\ConcreteFileManagers\FileManager.cpp">
      <Filter>Source Files</Filter>
    </ClCompile>
    <ClCompile Include="FileSystem\ConcreteFileManagers\FileManager_7_0_29_2.cpp">
      <Filter>Source Files</Filter>
    </ClCompile>
    <ClCompile Include="FileSystem\Uop\UopStructs.cpp">
      <Filter>Source Files</Filter>
    </ClCompile>
    <ClCompile Include="FileSystem\Uop\UopUtility.cpp">
      <Filter>Source Files</Filter>
    </ClCompile>
    <ClCompile Include="FileSystem\BaseFileManager.cpp">
      <Filter>Source Files</Filter>
    </ClCompile>
    <ClCompile Include="FileSystem\ClientFileHandleSet.cpp">
      <Filter>Source Files</Filter>
    </ClCompile>
    <ClCompile Include="FileSystem\FileManagerFactory.cpp">
      <Filter>Source Files</Filter>
    </ClCompile>
    <ClCompile Include="FileSystem\MapFileSet.cpp">
      <Filter>Source Files</Filter>
    </ClCompile>
    <ClCompile Include="MasterControlUtils.cpp">
      <Filter>Source Files</Filter>
    </ClCompile>
    <ClCompile Include="Network\ConcretePacketHandlers\ServerVersionRequestHandler.cpp">
      <Filter>Source Files</Filter>
    </ClCompile>
    <ClCompile Include="Network\ConcretePacketHandlers\ClientCrashPacketHandler.cpp">
      <Filter>Source Files</Filter>
    </ClCompile>
    <ClCompile Include="ProgressBarDialog.cpp">
      <Filter>Source Files</Filter>
    </ClCompile>
    <ClCompile Include="DotNetHost.cpp">
      <Filter>Source Files</Filter>
    </ClCompile>
    <ClCompile Include="Debug.cpp">
      <Filter>Source Files</Filter>
    </ClCompile>
    <ClCompile Include="ClassRegistration\BaseSelfRegisteringClass.cpp">
      <Filter>Source Files</Filter>
    </ClCompile>
    <ClCompile Include="ClassRegistration\SelfRegisteringClass.cpp">
      <Filter>Source Files</Filter>
    </ClCompile>
    <ClCompile Include="Client.cpp">
      <Filter>Source Files</Filter>
    </ClCompile>
    <ClCompile Include="Network\ConcretePacketHandlers\ChangeMapHandler.cpp">
      <Filter>Source Files</Filter>
    </ClCompile>
    <ClCompile Include="Network\ConcretePacketHandlers\LoginCompleteHandler.cpp">
      <Filter>Source Files</Filter>
    </ClCompile>
    <ClCompile Include="Network\ConcretePacketHandlers\LoginConfirmHandler.cpp">
      <Filter>Source Files</Filter>
    </ClCompile>
    <ClCompile Include="Network\ConcretePacketHandlers\LogoutRequestHandler.cpp">
      <Filter>Source Files</Filter>
    </ClCompile>
    <ClCompile Include="Network\ConcretePacketHandlers\ServerMobileStatusHandler.cpp">
      <Filter>Source Files</Filter>
    </ClCompile>
    <ClCompile Include="UltimaLive.cpp">
      <Filter>Source Files</Filter>
    </ClCompile>
    <ClCompile Include="Maps\MapDefinition.cpp">
      <Filter>Source Files</Filter>
    </ClCompile>
    <ClCompile Include="ClientRedirections.cpp">
      <Filter>Source Files</Filter>
    </ClCompile>
  </ItemGroup>
  <ItemGroup>
    <ClInclude Include="Utils.h">
      <Filter>Header Files</Filter>
    </ClInclude>
    <ClInclude Include="Igrping.h">
      <Filter>Header Files</Filter>
    </ClInclude>
    <ClInclude Include="LocalPeHelper32.hpp">
      <Filter>Header Files</Filter>
    </ClInclude>
    <ClInclude Include="LoginHandler.h">
      <Filter>Header Files</Filter>
    </ClInclude>
    <ClInclude Include="mhook.h">
      <Filter>Header Files</Filter>
    </ClInclude>
    <ClInclude Include="Network\ConcretePacketHandlers\UltimaLiveHashQueryHandler.h">
      <Filter>Header Files</Filter>
    </ClInclude>
    <ClInclude Include="Network\ConcretePacketHandlers\UltimaLiveLoginCompleteHandler.h">
      <Filter>Header Files</Filter>
    </ClInclude>
    <ClInclude Include="Network\ConcretePacketHandlers\UltimaLiveRefreshClientViewHandler.h">
      <Filter>Header Files</Filter>
    </ClInclude>
    <ClInclude Include="Network\ConcretePacketHandlers\UltimaLiveUpdateLandBlockHandler.h">
      <Filter>Header Files</Filter>
    </ClInclude>
    <ClInclude Include="Network\ConcretePacketHandlers\UltimaLiveUpdateMapDefinitionsHandler.h">
      <Filter>Header Files</Filter>
    </ClInclude>
    <ClInclude Include="Network\ConcretePacketHandlers\UltimaLiveUpdateStaticsHandler.h">
      <Filter>Header Files</Filter>
    </ClInclude>
    <ClInclude Include="Network\BasePacketHandler.h">
      <Filter>Header Files</Filter>
    </ClInclude>
    <ClInclude Include="Network\NetworkManager.h">
      <Filter>Header Files</Filter>
    </ClInclude>
    <ClInclude Include="Network\PacketHandlerFactory.h">
      <Filter>Header Files</Filter>
    </ClInclude>
    <ClInclude Include="Maps\Atlas.h">
      <Filter>Header Files</Filter>
    </ClInclude>
    <ClInclude Include="Maps\MapDefinition.h">
      <Filter>Header Files</Filter>
    </ClInclude>
    <ClInclude Include="FileSystem\ConcreteFileManagers\FileManager.h">
      <Filter>Header Files</Filter>
    </ClInclude>
    <ClInclude Include="FileSystem\ConcreteFileManagers\FileManager_7_0_29_2.h">
      <Filter>Header Files</Filter>
    </ClInclude>
    <ClInclude Include="FileSystem\Uop\UopStructs.h">
      <Filter>Header Files</Filter>
    </ClInclude>
    <ClInclude Include="FileSystem\Uop\UopUtility.h">
      <Filter>Header Files</Filter>
    </ClInclude>
    <ClInclude Include="FileSystem\BaseFileManager.h">
      <Filter>Header Files</Filter>
    </ClInclude>
    <ClInclude Include="FileSystem\ClientFileHandleSet.h">
      <Filter>Header Files</Filter>
    </ClInclude>
    <ClInclude Include="FileSystem\FileManagerFactory.h">
      <Filter>Header Files</Filter>
    </ClInclude>
    <ClInclude Include="FileSystem\MapFileSet.h">
      <Filter>Header Files</Filter>
    </ClInclude>
    <ClInclude Include="FileSystem\uop.h">
      <Filter>Header Files</Filter>
    </ClInclude>
    <ClInclude Include="MasterControlUtils.h">
      <Filter>Header Files</Filter>
    </ClInclude>
    <ClInclude Include="Network\ConcretePacketHandlers\ServerVersionRequestHandler.h">
      <Filter>Header Files</Filter>
    </ClInclude>
    <ClInclude Include="Network\ConcretePacketHandlers\ClientCrashPacketHandler.h">
      <Filter>Header Files</Filter>
    </ClInclude>
    <ClInclude Include="resource.h">
      <Filter>Header Files</Filter>
    </ClInclude>
    <ClInclude Include="ProgressBarDialog.h">
      <Filter>Header Files</Filter>
    </ClInclude>
    <ClInclude Include="DotNetHost.h">
      <Filter>Header Files</Filter>
    </ClInclude>
    <ClInclude Include="Debug.h">
      <Filter>Header Files</Filter>
    </ClInclude>
    <ClInclude Include="ClassRegistration\BaseSelfRegisteringClass.h">
      <Filter>Header Files</Filter>
    </ClInclude>
    <ClInclude Include="ClassRegistration\SelfRegisteringClass.h">
      <Filter>Header Files</Filter>
    </ClInclude>
    <ClInclude Include="Client.h">
      <Filter>Header Files</Filter>
    </ClInclude>
    <ClInclude Include="ClientStructures.h">
      <Filter>Header Files</Filter>
    </ClInclude>
    <ClInclude Include="Network\ConcretePacketHandlers\ChangeMapHandler.h">
      <Filter>Header Files</Filter>
    </ClInclude>
    <ClInclude Include="Network\ConcretePacketHandlers\LoginCompleteHandler.h">
      <Filter>Header Files</Filter>
    </ClInclude>
    <ClInclude Include="Network\ConcretePacketHandlers\LoginConfirmHandler.h">
      <Filter>Header Files</Filter>
    </ClInclude>
    <ClInclude Include="Network\ConcretePacketHandlers\LogoutRequestHandler.h">
      <Filter>Header Files</Filter>
    </ClInclude>
    <ClInclude Include="Network\ConcretePacketHandlers\ServerMobileStatusHandler.h">
      <Filter>Header Files</Filter>
    </ClInclude>
    <ClInclude Include="UltimaLive.h">
      <Filter>Header Files</Filter>
    </ClInclude>
    <ClInclude Include="ClientRedirections.h">
      <Filter>Header Files</Filter>
    </ClInclude>
  </ItemGroup>
  <ItemGroup>
    <Library Include="mhook.lib" />
  </ItemGroup>
  <ItemGroup>
    <None Include="Protocol.txt" />
    <None Include="Changelog.txt" />
  </ItemGroup>
  <ItemGroup>
    <ResourceCompile Include="UltimaLive.rc">
      <Filter>Resource Files</Filter>
    </ResourceCompile>
  </ItemGroup>
</Project>